// !$*UTF8*$!
{
	archiveVersion = 1;
	classes = {
	};
	objectVersion = 50;
	objects = {

/* Begin PBXBuildFile section */
		E902F2C2246A5FE100CF1BA9 /* Localizable.strings in Resources */ = {isa = PBXBuildFile; fileRef = E902F2C4246A5FE100CF1BA9 /* Localizable.strings */; };
		E939E49D2468E126005FB73C /* SearchResultViewModel-Tests.swift in Sources */ = {isa = PBXBuildFile; fileRef = E939E49C2468E126005FB73C /* SearchResultViewModel-Tests.swift */; };
		E94A90AF2462345D00B8F0B9 /* SearchTableViewDataSource.swift in Sources */ = {isa = PBXBuildFile; fileRef = E94A90AE2462345D00B8F0B9 /* SearchTableViewDataSource.swift */; };
		E94A90B22462350B00B8F0B9 /* SearchTableViewCell.swift in Sources */ = {isa = PBXBuildFile; fileRef = E94A90B12462350B00B8F0B9 /* SearchTableViewCell.swift */; };
		E94A90B42462377500B8F0B9 /* UITableViewCell+ReuseIdentifier.swift in Sources */ = {isa = PBXBuildFile; fileRef = E94A90B32462377500B8F0B9 /* UITableViewCell+ReuseIdentifier.swift */; };
		E94A90B7246237BF00B8F0B9 /* SnippetSearchResult.swift in Sources */ = {isa = PBXBuildFile; fileRef = E94A90B6246237BF00B8F0B9 /* SnippetSearchResult.swift */; };
		E94A90BB2462FDA400B8F0B9 /* Coordinator.swift in Sources */ = {isa = PBXBuildFile; fileRef = E94A90BA2462FDA400B8F0B9 /* Coordinator.swift */; };
		E97A25C424685ED700D15B68 /* ObjectsManager-Tests.swift in Sources */ = {isa = PBXBuildFile; fileRef = E97A25C324685ED700D15B68 /* ObjectsManager-Tests.swift */; };
		E98EF5212465BC2D0071AB31 /* WikiSearch.xcdatamodeld in Sources */ = {isa = PBXBuildFile; fileRef = E9FF6428245DA92D002B9E39 /* WikiSearch.xcdatamodeld */; };
		E98EF5222465BC2F0071AB31 /* WikiSearch.xcdatamodeld in Sources */ = {isa = PBXBuildFile; fileRef = E9FF6428245DA92D002B9E39 /* WikiSearch.xcdatamodeld */; };
		E98EF5252465BDE10071AB31 /* CoreDataStack-Tests.swift in Sources */ = {isa = PBXBuildFile; fileRef = E98EF5242465BDE10071AB31 /* CoreDataStack-Tests.swift */; };
		E99E78502465F44F007CFB93 /* WikiPage-Tests.swift in Sources */ = {isa = PBXBuildFile; fileRef = E99E784F2465F44F007CFB93 /* WikiPage-Tests.swift */; };
		E99E7852246631A9007CFB93 /* Constants-Tests.swift in Sources */ = {isa = PBXBuildFile; fileRef = E99E7851246631A9007CFB93 /* Constants-Tests.swift */; };
		E99E785924664808007CFB93 /* WikiPage+CoreDataClass.swift in Sources */ = {isa = PBXBuildFile; fileRef = E99E785724664808007CFB93 /* WikiPage+CoreDataClass.swift */; };
		E99E785A24664808007CFB93 /* WikiPage+CoreDataProperties.swift in Sources */ = {isa = PBXBuildFile; fileRef = E99E785824664808007CFB93 /* WikiPage+CoreDataProperties.swift */; };
		E99E785D24671CD1007CFB93 /* SwiftTypeExtensions.swift in Sources */ = {isa = PBXBuildFile; fileRef = E99E785C24671CD1007CFB93 /* SwiftTypeExtensions.swift */; };
		E99E785F24673BFA007CFB93 /* SearchResultProtocol.swift in Sources */ = {isa = PBXBuildFile; fileRef = E99E785E24673BFA007CFB93 /* SearchResultProtocol.swift */; };
		E99E786124673EEC007CFB93 /* URLSearchResult.swift in Sources */ = {isa = PBXBuildFile; fileRef = E99E786024673EEC007CFB93 /* URLSearchResult.swift */; };
		E99E786324677B7A007CFB93 /* DatesManager.swift in Sources */ = {isa = PBXBuildFile; fileRef = E99E786224677B7A007CFB93 /* DatesManager.swift */; };
		E99E786624677C54007CFB93 /* DatesManager-Tests.swift in Sources */ = {isa = PBXBuildFile; fileRef = E99E786524677C54007CFB93 /* DatesManager-Tests.swift */; };
		E99E786824679905007CFB93 /* SearchScreenRootView.swift in Sources */ = {isa = PBXBuildFile; fileRef = E99E786724679905007CFB93 /* SearchScreenRootView.swift */; };
		E99E786A24679D56007CFB93 /* DetailScreenRootView.swift in Sources */ = {isa = PBXBuildFile; fileRef = E99E786924679D56007CFB93 /* DetailScreenRootView.swift */; };
		E9DAF6702461F43B0038D320 /* CoreDataStack.swift in Sources */ = {isa = PBXBuildFile; fileRef = E9DAF66F2461F43B0038D320 /* CoreDataStack.swift */; };
		E9DAF6722461FCD90038D320 /* SearchManager.swift in Sources */ = {isa = PBXBuildFile; fileRef = E9DAF6712461FCD90038D320 /* SearchManager.swift */; };
		E9DAF67524620FEB0038D320 /* SearchViewController.swift in Sources */ = {isa = PBXBuildFile; fileRef = E9DAF67424620FEB0038D320 /* SearchViewController.swift */; };
		E9DAF677246229E70038D320 /* DetailViewController.swift in Sources */ = {isa = PBXBuildFile; fileRef = E9DAF676246229E70038D320 /* DetailViewController.swift */; };
		E9DE4DEB2463C464001A1D8B /* AppCoordinator.swift in Sources */ = {isa = PBXBuildFile; fileRef = E9DE4DEA2463C464001A1D8B /* AppCoordinator.swift */; };
		E9DE4DED2463D0E5001A1D8B /* SearchResultViewModel.swift in Sources */ = {isa = PBXBuildFile; fileRef = E9DE4DEC2463D0E5001A1D8B /* SearchResultViewModel.swift */; };
		E9DE4DF124647B7B001A1D8B /* SearchResult-Tests.swift in Sources */ = {isa = PBXBuildFile; fileRef = E9DE4DF024647B7B001A1D8B /* SearchResult-Tests.swift */; };
		E9DE4DF324648422001A1D8B /* SearchOperation.swift in Sources */ = {isa = PBXBuildFile; fileRef = E9DE4DF224648422001A1D8B /* SearchOperation.swift */; };
		E9DE4DF5246484E6001A1D8B /* Constants.swift in Sources */ = {isa = PBXBuildFile; fileRef = E9DE4DF4246484E6001A1D8B /* Constants.swift */; };
		E9DE4E012464DC31001A1D8B /* UITableViewCell+ReuseIdentifier-Tests.swift in Sources */ = {isa = PBXBuildFile; fileRef = E9DE4E002464DC31001A1D8B /* UITableViewCell+ReuseIdentifier-Tests.swift */; };
		E9DE4E032464DEA2001A1D8B /* SearchViewController-Tests.swift in Sources */ = {isa = PBXBuildFile; fileRef = E9DE4E022464DEA2001A1D8B /* SearchViewController-Tests.swift */; };
		E9DE4E062464E42B001A1D8B /* SearchManager-Tests.swift in Sources */ = {isa = PBXBuildFile; fileRef = E9DE4E052464E42B001A1D8B /* SearchManager-Tests.swift */; };
		E9DE4E08246503D1001A1D8B /* SearchOperation-Tests.swift in Sources */ = {isa = PBXBuildFile; fileRef = E9DE4E07246503D1001A1D8B /* SearchOperation-Tests.swift */; };
		E9DE4E0A24650A61001A1D8B /* URLSessionProtocol.swift in Sources */ = {isa = PBXBuildFile; fileRef = E9DE4E0924650A61001A1D8B /* URLSessionProtocol.swift */; };
		E9FF12052468476F001AAA25 /* ObjectsManager.swift in Sources */ = {isa = PBXBuildFile; fileRef = E9FF12042468476F001AAA25 /* ObjectsManager.swift */; };
		E9FF120724684860001AAA25 /* URLAPIResponse-Tests.swift in Sources */ = {isa = PBXBuildFile; fileRef = E9FF120624684860001AAA25 /* URLAPIResponse-Tests.swift */; };
		E9FF120924684BCA001AAA25 /* WikiURLGenerator.swift in Sources */ = {isa = PBXBuildFile; fileRef = E9FF120824684BCA001AAA25 /* WikiURLGenerator.swift */; };
		E9FF120B24684C03001AAA25 /* WikiURLGenerator-Tests.swift in Sources */ = {isa = PBXBuildFile; fileRef = E9FF120A24684C03001AAA25 /* WikiURLGenerator-Tests.swift */; };
		E9FF6420245DA92D002B9E39 /* AppDelegate.swift in Sources */ = {isa = PBXBuildFile; fileRef = E9FF641F245DA92D002B9E39 /* AppDelegate.swift */; };
		E9FF642A245DA92D002B9E39 /* WikiSearch.xcdatamodeld in Sources */ = {isa = PBXBuildFile; fileRef = E9FF6428245DA92D002B9E39 /* WikiSearch.xcdatamodeld */; };
		E9FF642C245DA92E002B9E39 /* Assets.xcassets in Resources */ = {isa = PBXBuildFile; fileRef = E9FF642B245DA92E002B9E39 /* Assets.xcassets */; };
		E9FF642F245DA92E002B9E39 /* LaunchScreen.storyboard in Resources */ = {isa = PBXBuildFile; fileRef = E9FF642D245DA92E002B9E39 /* LaunchScreen.storyboard */; };
		E9FF6445245DA92F002B9E39 /* SearchScreen-Tests.swift in Sources */ = {isa = PBXBuildFile; fileRef = E9FF6444245DA92F002B9E39 /* SearchScreen-Tests.swift */; };
/* End PBXBuildFile section */

/* Begin PBXContainerItemProxy section */
		E9FF6436245DA92E002B9E39 /* PBXContainerItemProxy */ = {
			isa = PBXContainerItemProxy;
			containerPortal = E9FF6414245DA92D002B9E39 /* Project object */;
			proxyType = 1;
			remoteGlobalIDString = E9FF641B245DA92D002B9E39;
			remoteInfo = WikiSearch;
		};
		E9FF6441245DA92E002B9E39 /* PBXContainerItemProxy */ = {
			isa = PBXContainerItemProxy;
			containerPortal = E9FF6414245DA92D002B9E39 /* Project object */;
			proxyType = 1;
			remoteGlobalIDString = E9FF641B245DA92D002B9E39;
			remoteInfo = WikiSearch;
		};
/* End PBXContainerItemProxy section */

/* Begin PBXFileReference section */
		E902F2C3246A5FE100CF1BA9 /* fr */ = {isa = PBXFileReference; lastKnownFileType = text.plist.strings; name = fr; path = fr.lproj/Localizable.strings; sourceTree = "<group>"; };
		E902F2C5246A5FE800CF1BA9 /* en */ = {isa = PBXFileReference; lastKnownFileType = text.plist.strings; name = en; path = en.lproj/Localizable.strings; sourceTree = "<group>"; };
		E939E49C2468E126005FB73C /* SearchResultViewModel-Tests.swift */ = {isa = PBXFileReference; lastKnownFileType = sourcecode.swift; path = "SearchResultViewModel-Tests.swift"; sourceTree = "<group>"; };
		E94A90AE2462345D00B8F0B9 /* SearchTableViewDataSource.swift */ = {isa = PBXFileReference; lastKnownFileType = sourcecode.swift; path = SearchTableViewDataSource.swift; sourceTree = "<group>"; };
		E94A90B12462350B00B8F0B9 /* SearchTableViewCell.swift */ = {isa = PBXFileReference; lastKnownFileType = sourcecode.swift; path = SearchTableViewCell.swift; sourceTree = "<group>"; };
		E94A90B32462377500B8F0B9 /* UITableViewCell+ReuseIdentifier.swift */ = {isa = PBXFileReference; lastKnownFileType = sourcecode.swift; path = "UITableViewCell+ReuseIdentifier.swift"; sourceTree = "<group>"; };
		E94A90B6246237BF00B8F0B9 /* SnippetSearchResult.swift */ = {isa = PBXFileReference; lastKnownFileType = sourcecode.swift; path = SnippetSearchResult.swift; sourceTree = "<group>"; };
		E94A90BA2462FDA400B8F0B9 /* Coordinator.swift */ = {isa = PBXFileReference; lastKnownFileType = sourcecode.swift; path = Coordinator.swift; sourceTree = "<group>"; };
		E97A25C324685ED700D15B68 /* ObjectsManager-Tests.swift */ = {isa = PBXFileReference; lastKnownFileType = sourcecode.swift; path = "ObjectsManager-Tests.swift"; sourceTree = "<group>"; };
		E98EF5242465BDE10071AB31 /* CoreDataStack-Tests.swift */ = {isa = PBXFileReference; lastKnownFileType = sourcecode.swift; path = "CoreDataStack-Tests.swift"; sourceTree = "<group>"; };
		E99E784F2465F44F007CFB93 /* WikiPage-Tests.swift */ = {isa = PBXFileReference; lastKnownFileType = sourcecode.swift; path = "WikiPage-Tests.swift"; sourceTree = "<group>"; };
		E99E7851246631A9007CFB93 /* Constants-Tests.swift */ = {isa = PBXFileReference; lastKnownFileType = sourcecode.swift; path = "Constants-Tests.swift"; sourceTree = "<group>"; };
		E99E785724664808007CFB93 /* WikiPage+CoreDataClass.swift */ = {isa = PBXFileReference; lastKnownFileType = sourcecode.swift; path = "WikiPage+CoreDataClass.swift"; sourceTree = "<group>"; };
		E99E785824664808007CFB93 /* WikiPage+CoreDataProperties.swift */ = {isa = PBXFileReference; lastKnownFileType = sourcecode.swift; path = "WikiPage+CoreDataProperties.swift"; sourceTree = "<group>"; };
		E99E785C24671CD1007CFB93 /* SwiftTypeExtensions.swift */ = {isa = PBXFileReference; lastKnownFileType = sourcecode.swift; path = SwiftTypeExtensions.swift; sourceTree = "<group>"; };
		E99E785E24673BFA007CFB93 /* SearchResultProtocol.swift */ = {isa = PBXFileReference; lastKnownFileType = sourcecode.swift; path = SearchResultProtocol.swift; sourceTree = "<group>"; };
		E99E786024673EEC007CFB93 /* URLSearchResult.swift */ = {isa = PBXFileReference; lastKnownFileType = sourcecode.swift; path = URLSearchResult.swift; sourceTree = "<group>"; };
		E99E786224677B7A007CFB93 /* DatesManager.swift */ = {isa = PBXFileReference; lastKnownFileType = sourcecode.swift; path = DatesManager.swift; sourceTree = "<group>"; };
		E99E786524677C54007CFB93 /* DatesManager-Tests.swift */ = {isa = PBXFileReference; lastKnownFileType = sourcecode.swift; path = "DatesManager-Tests.swift"; sourceTree = "<group>"; };
		E99E786724679905007CFB93 /* SearchScreenRootView.swift */ = {isa = PBXFileReference; lastKnownFileType = sourcecode.swift; path = SearchScreenRootView.swift; sourceTree = "<group>"; };
		E99E786924679D56007CFB93 /* DetailScreenRootView.swift */ = {isa = PBXFileReference; lastKnownFileType = sourcecode.swift; path = DetailScreenRootView.swift; sourceTree = "<group>"; };
		E9DAF66F2461F43B0038D320 /* CoreDataStack.swift */ = {isa = PBXFileReference; lastKnownFileType = sourcecode.swift; path = CoreDataStack.swift; sourceTree = "<group>"; };
		E9DAF6712461FCD90038D320 /* SearchManager.swift */ = {isa = PBXFileReference; lastKnownFileType = sourcecode.swift; path = SearchManager.swift; sourceTree = "<group>"; };
		E9DAF67424620FEB0038D320 /* SearchViewController.swift */ = {isa = PBXFileReference; lastKnownFileType = sourcecode.swift; path = SearchViewController.swift; sourceTree = "<group>"; };
		E9DAF676246229E70038D320 /* DetailViewController.swift */ = {isa = PBXFileReference; lastKnownFileType = sourcecode.swift; path = DetailViewController.swift; sourceTree = "<group>"; };
		E9DE4DEA2463C464001A1D8B /* AppCoordinator.swift */ = {isa = PBXFileReference; lastKnownFileType = sourcecode.swift; path = AppCoordinator.swift; sourceTree = "<group>"; };
		E9DE4DEC2463D0E5001A1D8B /* SearchResultViewModel.swift */ = {isa = PBXFileReference; lastKnownFileType = sourcecode.swift; path = SearchResultViewModel.swift; sourceTree = "<group>"; };
		E9DE4DF024647B7B001A1D8B /* SearchResult-Tests.swift */ = {isa = PBXFileReference; lastKnownFileType = sourcecode.swift; path = "SearchResult-Tests.swift"; sourceTree = "<group>"; };
		E9DE4DF224648422001A1D8B /* SearchOperation.swift */ = {isa = PBXFileReference; lastKnownFileType = sourcecode.swift; path = SearchOperation.swift; sourceTree = "<group>"; };
		E9DE4DF4246484E6001A1D8B /* Constants.swift */ = {isa = PBXFileReference; lastKnownFileType = sourcecode.swift; path = Constants.swift; sourceTree = "<group>"; };
		E9DE4DFA2464A528001A1D8B /* fr */ = {isa = PBXFileReference; lastKnownFileType = text.plist.strings; name = fr; path = fr.lproj/LaunchScreen.strings; sourceTree = "<group>"; };
		E9DE4E002464DC31001A1D8B /* UITableViewCell+ReuseIdentifier-Tests.swift */ = {isa = PBXFileReference; lastKnownFileType = sourcecode.swift; path = "UITableViewCell+ReuseIdentifier-Tests.swift"; sourceTree = "<group>"; };
		E9DE4E022464DEA2001A1D8B /* SearchViewController-Tests.swift */ = {isa = PBXFileReference; lastKnownFileType = sourcecode.swift; path = "SearchViewController-Tests.swift"; sourceTree = "<group>"; };
		E9DE4E052464E42B001A1D8B /* SearchManager-Tests.swift */ = {isa = PBXFileReference; lastKnownFileType = sourcecode.swift; path = "SearchManager-Tests.swift"; sourceTree = "<group>"; };
		E9DE4E07246503D1001A1D8B /* SearchOperation-Tests.swift */ = {isa = PBXFileReference; lastKnownFileType = sourcecode.swift; path = "SearchOperation-Tests.swift"; sourceTree = "<group>"; };
		E9DE4E0924650A61001A1D8B /* URLSessionProtocol.swift */ = {isa = PBXFileReference; lastKnownFileType = sourcecode.swift; path = URLSessionProtocol.swift; sourceTree = "<group>"; };
		E9FF12042468476F001AAA25 /* ObjectsManager.swift */ = {isa = PBXFileReference; lastKnownFileType = sourcecode.swift; path = ObjectsManager.swift; sourceTree = "<group>"; };
		E9FF120624684860001AAA25 /* URLAPIResponse-Tests.swift */ = {isa = PBXFileReference; lastKnownFileType = sourcecode.swift; path = "URLAPIResponse-Tests.swift"; sourceTree = "<group>"; };
		E9FF120824684BCA001AAA25 /* WikiURLGenerator.swift */ = {isa = PBXFileReference; lastKnownFileType = sourcecode.swift; path = WikiURLGenerator.swift; sourceTree = "<group>"; };
		E9FF120A24684C03001AAA25 /* WikiURLGenerator-Tests.swift */ = {isa = PBXFileReference; lastKnownFileType = sourcecode.swift; path = "WikiURLGenerator-Tests.swift"; sourceTree = "<group>"; };
		E9FF641C245DA92D002B9E39 /* WikiSearch.app */ = {isa = PBXFileReference; explicitFileType = wrapper.application; includeInIndex = 0; path = WikiSearch.app; sourceTree = BUILT_PRODUCTS_DIR; };
		E9FF641F245DA92D002B9E39 /* AppDelegate.swift */ = {isa = PBXFileReference; lastKnownFileType = sourcecode.swift; path = AppDelegate.swift; sourceTree = "<group>"; };
		E9FF6429245DA92D002B9E39 /* WikiSearch.xcdatamodel */ = {isa = PBXFileReference; lastKnownFileType = wrapper.xcdatamodel; path = WikiSearch.xcdatamodel; sourceTree = "<group>"; };
		E9FF642B245DA92E002B9E39 /* Assets.xcassets */ = {isa = PBXFileReference; lastKnownFileType = folder.assetcatalog; path = Assets.xcassets; sourceTree = "<group>"; };
		E9FF642E245DA92E002B9E39 /* Base */ = {isa = PBXFileReference; lastKnownFileType = file.storyboard; name = Base; path = Base.lproj/LaunchScreen.storyboard; sourceTree = "<group>"; };
		E9FF6430245DA92E002B9E39 /* Info.plist */ = {isa = PBXFileReference; lastKnownFileType = text.plist.xml; path = Info.plist; sourceTree = "<group>"; };
		E9FF6435245DA92E002B9E39 /* WikiSearchTests.xctest */ = {isa = PBXFileReference; explicitFileType = wrapper.cfbundle; includeInIndex = 0; path = WikiSearchTests.xctest; sourceTree = BUILT_PRODUCTS_DIR; };
		E9FF643B245DA92E002B9E39 /* Info.plist */ = {isa = PBXFileReference; lastKnownFileType = text.plist.xml; path = Info.plist; sourceTree = "<group>"; };
		E9FF6440245DA92E002B9E39 /* WikiSearchUITests.xctest */ = {isa = PBXFileReference; explicitFileType = wrapper.cfbundle; includeInIndex = 0; path = WikiSearchUITests.xctest; sourceTree = BUILT_PRODUCTS_DIR; };
		E9FF6444245DA92F002B9E39 /* SearchScreen-Tests.swift */ = {isa = PBXFileReference; lastKnownFileType = sourcecode.swift; path = "SearchScreen-Tests.swift"; sourceTree = "<group>"; };
		E9FF6446245DA92F002B9E39 /* Info.plist */ = {isa = PBXFileReference; lastKnownFileType = text.plist.xml; path = Info.plist; sourceTree = "<group>"; };
/* End PBXFileReference section */

/* Begin PBXFrameworksBuildPhase section */
		E9FF6419245DA92D002B9E39 /* Frameworks */ = {
			isa = PBXFrameworksBuildPhase;
			buildActionMask = 2147483647;
			files = (
			);
			runOnlyForDeploymentPostprocessing = 0;
		};
		E9FF6432245DA92E002B9E39 /* Frameworks */ = {
			isa = PBXFrameworksBuildPhase;
			buildActionMask = 2147483647;
			files = (
			);
			runOnlyForDeploymentPostprocessing = 0;
		};
		E9FF643D245DA92E002B9E39 /* Frameworks */ = {
			isa = PBXFrameworksBuildPhase;
			buildActionMask = 2147483647;
			files = (
			);
			runOnlyForDeploymentPostprocessing = 0;
		};
/* End PBXFrameworksBuildPhase section */

/* Begin PBXGroup section */
		E94A90B0246234F000B8F0B9 /* Views */ = {
			isa = PBXGroup;
			children = (
				E94A90B12462350B00B8F0B9 /* SearchTableViewCell.swift */,
				E99E786724679905007CFB93 /* SearchScreenRootView.swift */,
				E99E786924679D56007CFB93 /* DetailScreenRootView.swift */,
			);
			path = Views;
			sourceTree = "<group>";
		};
		E94A90B5246237AB00B8F0B9 /* Models */ = {
			isa = PBXGroup;
			children = (
				E99E786024673EEC007CFB93 /* URLSearchResult.swift */,
				E94A90B6246237BF00B8F0B9 /* SnippetSearchResult.swift */,
				E9DE4DEC2463D0E5001A1D8B /* SearchResultViewModel.swift */,
				E99E785E24673BFA007CFB93 /* SearchResultProtocol.swift */,
			);
			path = Models;
			sourceTree = "<group>";
		};
		E94A90BC2462FE2400B8F0B9 /* Search */ = {
			isa = PBXGroup;
			children = (
				E94A90AE2462345D00B8F0B9 /* SearchTableViewDataSource.swift */,
				E9DAF6712461FCD90038D320 /* SearchManager.swift */,
				E9DE4DF224648422001A1D8B /* SearchOperation.swift */,
				E9FF120824684BCA001AAA25 /* WikiURLGenerator.swift */,
			);
			path = Search;
			sourceTree = "<group>";
		};
		E98EF5232465BDBE0071AB31 /* Core Data */ = {
			isa = PBXGroup;
			children = (
				E98EF5242465BDE10071AB31 /* CoreDataStack-Tests.swift */,
				E97A25C324685ED700D15B68 /* ObjectsManager-Tests.swift */,
			);
			path = "Core Data";
			sourceTree = "<group>";
		};
		E99E785B24671CA6007CFB93 /* Utils */ = {
			isa = PBXGroup;
			children = (
				E9DE4E0924650A61001A1D8B /* URLSessionProtocol.swift */,
				E94A90B32462377500B8F0B9 /* UITableViewCell+ReuseIdentifier.swift */,
				E9DE4DF4246484E6001A1D8B /* Constants.swift */,
				E99E785C24671CD1007CFB93 /* SwiftTypeExtensions.swift */,
				E99E786224677B7A007CFB93 /* DatesManager.swift */,
			);
			path = Utils;
			sourceTree = "<group>";
		};
		E99E786424677C47007CFB93 /* Utils */ = {
			isa = PBXGroup;
			children = (
				E99E786524677C54007CFB93 /* DatesManager-Tests.swift */,
			);
			path = Utils;
			sourceTree = "<group>";
		};
		E9DAF66E2461F4250038D320 /* Core Data */ = {
			isa = PBXGroup;
			children = (
				E99E785724664808007CFB93 /* WikiPage+CoreDataClass.swift */,
				E99E785824664808007CFB93 /* WikiPage+CoreDataProperties.swift */,
				E9FF6428245DA92D002B9E39 /* WikiSearch.xcdatamodeld */,
				E9DAF66F2461F43B0038D320 /* CoreDataStack.swift */,
				E9FF12042468476F001AAA25 /* ObjectsManager.swift */,
			);
			path = "Core Data";
			sourceTree = "<group>";
		};
		E9DAF67324620FBC0038D320 /* View Controllers */ = {
			isa = PBXGroup;
			children = (
				E9DAF67424620FEB0038D320 /* SearchViewController.swift */,
				E9DAF676246229E70038D320 /* DetailViewController.swift */,
			);
			path = "View Controllers";
			sourceTree = "<group>";
		};
		E9DE4DE92463C44B001A1D8B /* Coordinators */ = {
			isa = PBXGroup;
			children = (
				E94A90BA2462FDA400B8F0B9 /* Coordinator.swift */,
				E9DE4DEA2463C464001A1D8B /* AppCoordinator.swift */,
			);
			path = Coordinators;
			sourceTree = "<group>";
		};
		E9DE4DFB2464D909001A1D8B /* Models */ = {
			isa = PBXGroup;
			children = (
				E99E784F2465F44F007CFB93 /* WikiPage-Tests.swift */,
				E9DE4DF024647B7B001A1D8B /* SearchResult-Tests.swift */,
				E9FF120624684860001AAA25 /* URLAPIResponse-Tests.swift */,
				E939E49C2468E126005FB73C /* SearchResultViewModel-Tests.swift */,
			);
			path = Models;
			sourceTree = "<group>";
		};
		E9DE4DFC2464D92C001A1D8B /* ViewControllers */ = {
			isa = PBXGroup;
			children = (
				E9DE4E022464DEA2001A1D8B /* SearchViewController-Tests.swift */,
			);
			path = ViewControllers;
			sourceTree = "<group>";
		};
		E9DE4DFF2464DA0E001A1D8B /* Views */ = {
			isa = PBXGroup;
			children = (
				E9DE4E002464DC31001A1D8B /* UITableViewCell+ReuseIdentifier-Tests.swift */,
			);
			path = Views;
			sourceTree = "<group>";
		};
		E9DE4E042464E414001A1D8B /* Search */ = {
			isa = PBXGroup;
			children = (
				E9DE4E052464E42B001A1D8B /* SearchManager-Tests.swift */,
				E9DE4E07246503D1001A1D8B /* SearchOperation-Tests.swift */,
				E9FF120A24684C03001AAA25 /* WikiURLGenerator-Tests.swift */,
			);
			path = Search;
			sourceTree = "<group>";
		};
		E9FF6413245DA92D002B9E39 = {
			isa = PBXGroup;
			children = (
				E9FF641E245DA92D002B9E39 /* WikiSearch */,
				E9FF6438245DA92E002B9E39 /* WikiSearchTests */,
				E9FF6443245DA92E002B9E39 /* WikiSearchUITests */,
				E9FF641D245DA92D002B9E39 /* Products */,
			);
			sourceTree = "<group>";
		};
		E9FF641D245DA92D002B9E39 /* Products */ = {
			isa = PBXGroup;
			children = (
				E9FF641C245DA92D002B9E39 /* WikiSearch.app */,
				E9FF6435245DA92E002B9E39 /* WikiSearchTests.xctest */,
				E9FF6440245DA92E002B9E39 /* WikiSearchUITests.xctest */,
			);
			name = Products;
			sourceTree = "<group>";
		};
		E9FF641E245DA92D002B9E39 /* WikiSearch */ = {
			isa = PBXGroup;
			children = (
				E9FF641F245DA92D002B9E39 /* AppDelegate.swift */,
				E99E785B24671CA6007CFB93 /* Utils */,
				E9DE4DE92463C44B001A1D8B /* Coordinators */,
				E9DAF67324620FBC0038D320 /* View Controllers */,
				E94A90BC2462FE2400B8F0B9 /* Search */,
				E94A90B5246237AB00B8F0B9 /* Models */,
				E94A90B0246234F000B8F0B9 /* Views */,
				E9DAF66E2461F4250038D320 /* Core Data */,
				E9FF642B245DA92E002B9E39 /* Assets.xcassets */,
				E9FF642D245DA92E002B9E39 /* LaunchScreen.storyboard */,
				E9FF6430245DA92E002B9E39 /* Info.plist */,
				E902F2C4246A5FE100CF1BA9 /* Localizable.strings */,
			);
			path = WikiSearch;
			sourceTree = "<group>";
		};
		E9FF6438245DA92E002B9E39 /* WikiSearchTests */ = {
			isa = PBXGroup;
			children = (
				E99E786424677C47007CFB93 /* Utils */,
				E98EF5232465BDBE0071AB31 /* Core Data */,
				E9DE4E042464E414001A1D8B /* Search */,
				E9DE4DFF2464DA0E001A1D8B /* Views */,
				E9DE4DFC2464D92C001A1D8B /* ViewControllers */,
				E9DE4DFB2464D909001A1D8B /* Models */,
				E9FF643B245DA92E002B9E39 /* Info.plist */,
				E99E7851246631A9007CFB93 /* Constants-Tests.swift */,
			);
			path = WikiSearchTests;
			sourceTree = "<group>";
		};
		E9FF6443245DA92E002B9E39 /* WikiSearchUITests */ = {
			isa = PBXGroup;
			children = (
				E9FF6444245DA92F002B9E39 /* SearchScreen-Tests.swift */,
				E9FF6446245DA92F002B9E39 /* Info.plist */,
			);
			path = WikiSearchUITests;
			sourceTree = "<group>";
		};
/* End PBXGroup section */

/* Begin PBXNativeTarget section */
		E9FF641B245DA92D002B9E39 /* WikiSearch */ = {
			isa = PBXNativeTarget;
			buildConfigurationList = E9FF6449245DA92F002B9E39 /* Build configuration list for PBXNativeTarget "WikiSearch" */;
			buildPhases = (
				E9FF6418245DA92D002B9E39 /* Sources */,
				E9FF6419245DA92D002B9E39 /* Frameworks */,
				E9FF641A245DA92D002B9E39 /* Resources */,
			);
			buildRules = (
			);
			dependencies = (
			);
			name = WikiSearch;
			productName = WikiSearch;
			productReference = E9FF641C245DA92D002B9E39 /* WikiSearch.app */;
			productType = "com.apple.product-type.application";
		};
		E9FF6434245DA92E002B9E39 /* WikiSearchTests */ = {
			isa = PBXNativeTarget;
			buildConfigurationList = E9FF644C245DA92F002B9E39 /* Build configuration list for PBXNativeTarget "WikiSearchTests" */;
			buildPhases = (
				E9FF6431245DA92E002B9E39 /* Sources */,
				E9FF6432245DA92E002B9E39 /* Frameworks */,
				E9FF6433245DA92E002B9E39 /* Resources */,
			);
			buildRules = (
			);
			dependencies = (
				E9FF6437245DA92E002B9E39 /* PBXTargetDependency */,
			);
			name = WikiSearchTests;
			productName = WikiSearchTests;
			productReference = E9FF6435245DA92E002B9E39 /* WikiSearchTests.xctest */;
			productType = "com.apple.product-type.bundle.unit-test";
		};
		E9FF643F245DA92E002B9E39 /* WikiSearchUITests */ = {
			isa = PBXNativeTarget;
			buildConfigurationList = E9FF644F245DA92F002B9E39 /* Build configuration list for PBXNativeTarget "WikiSearchUITests" */;
			buildPhases = (
				E9FF643C245DA92E002B9E39 /* Sources */,
				E9FF643D245DA92E002B9E39 /* Frameworks */,
				E9FF643E245DA92E002B9E39 /* Resources */,
			);
			buildRules = (
			);
			dependencies = (
				E9FF6442245DA92E002B9E39 /* PBXTargetDependency */,
			);
			name = WikiSearchUITests;
			productName = WikiSearchUITests;
			productReference = E9FF6440245DA92E002B9E39 /* WikiSearchUITests.xctest */;
			productType = "com.apple.product-type.bundle.ui-testing";
		};
/* End PBXNativeTarget section */

/* Begin PBXProject section */
		E9FF6414245DA92D002B9E39 /* Project object */ = {
			isa = PBXProject;
			attributes = {
				LastSwiftUpdateCheck = 1140;
				LastUpgradeCheck = 1140;
				ORGANIZATIONNAME = Jacaria;
				TargetAttributes = {
					E9FF641B245DA92D002B9E39 = {
						CreatedOnToolsVersion = 11.4.1;
					};
					E9FF6434245DA92E002B9E39 = {
						CreatedOnToolsVersion = 11.4.1;
						TestTargetID = E9FF641B245DA92D002B9E39;
					};
					E9FF643F245DA92E002B9E39 = {
						CreatedOnToolsVersion = 11.4.1;
						TestTargetID = E9FF641B245DA92D002B9E39;
					};
				};
			};
			buildConfigurationList = E9FF6417245DA92D002B9E39 /* Build configuration list for PBXProject "WikiSearch" */;
			compatibilityVersion = "Xcode 9.3";
			developmentRegion = en;
			hasScannedForEncodings = 0;
			knownRegions = (
				en,
				Base,
				fr,
			);
			mainGroup = E9FF6413245DA92D002B9E39;
			productRefGroup = E9FF641D245DA92D002B9E39 /* Products */;
			projectDirPath = "";
			projectRoot = "";
			targets = (
				E9FF641B245DA92D002B9E39 /* WikiSearch */,
				E9FF6434245DA92E002B9E39 /* WikiSearchTests */,
				E9FF643F245DA92E002B9E39 /* WikiSearchUITests */,
			);
		};
/* End PBXProject section */

/* Begin PBXResourcesBuildPhase section */
		E9FF641A245DA92D002B9E39 /* Resources */ = {
			isa = PBXResourcesBuildPhase;
			buildActionMask = 2147483647;
			files = (
				E9FF642F245DA92E002B9E39 /* LaunchScreen.storyboard in Resources */,
				E902F2C2246A5FE100CF1BA9 /* Localizable.strings in Resources */,
				E9FF642C245DA92E002B9E39 /* Assets.xcassets in Resources */,
			);
			runOnlyForDeploymentPostprocessing = 0;
		};
		E9FF6433245DA92E002B9E39 /* Resources */ = {
			isa = PBXResourcesBuildPhase;
			buildActionMask = 2147483647;
			files = (
			);
			runOnlyForDeploymentPostprocessing = 0;
		};
		E9FF643E245DA92E002B9E39 /* Resources */ = {
			isa = PBXResourcesBuildPhase;
			buildActionMask = 2147483647;
			files = (
			);
			runOnlyForDeploymentPostprocessing = 0;
		};
/* End PBXResourcesBuildPhase section */

/* Begin PBXSourcesBuildPhase section */
		E9FF6418245DA92D002B9E39 /* Sources */ = {
			isa = PBXSourcesBuildPhase;
			buildActionMask = 2147483647;
			files = (
				E9DE4E0A24650A61001A1D8B /* URLSessionProtocol.swift in Sources */,
				E99E785F24673BFA007CFB93 /* SearchResultProtocol.swift in Sources */,
				E9DE4DEB2463C464001A1D8B /* AppCoordinator.swift in Sources */,
				E9FF120924684BCA001AAA25 /* WikiURLGenerator.swift in Sources */,
				E94A90B7246237BF00B8F0B9 /* SnippetSearchResult.swift in Sources */,
				E99E786124673EEC007CFB93 /* URLSearchResult.swift in Sources */,
				E99E786824679905007CFB93 /* SearchScreenRootView.swift in Sources */,
				E94A90B22462350B00B8F0B9 /* SearchTableViewCell.swift in Sources */,
				E99E785924664808007CFB93 /* WikiPage+CoreDataClass.swift in Sources */,
				E9DAF67524620FEB0038D320 /* SearchViewController.swift in Sources */,
				E99E786324677B7A007CFB93 /* DatesManager.swift in Sources */,
				E9FF642A245DA92D002B9E39 /* WikiSearch.xcdatamodeld in Sources */,
				E9DE4DF324648422001A1D8B /* SearchOperation.swift in Sources */,
				E99E785D24671CD1007CFB93 /* SwiftTypeExtensions.swift in Sources */,
				E9DE4DF5246484E6001A1D8B /* Constants.swift in Sources */,
				E9DAF677246229E70038D320 /* DetailViewController.swift in Sources */,
				E94A90B42462377500B8F0B9 /* UITableViewCell+ReuseIdentifier.swift in Sources */,
				E9DAF6722461FCD90038D320 /* SearchManager.swift in Sources */,
				E9DE4DED2463D0E5001A1D8B /* SearchResultViewModel.swift in Sources */,
				E94A90BB2462FDA400B8F0B9 /* Coordinator.swift in Sources */,
				E99E786A24679D56007CFB93 /* DetailScreenRootView.swift in Sources */,
				E9FF12052468476F001AAA25 /* ObjectsManager.swift in Sources */,
				E99E785A24664808007CFB93 /* WikiPage+CoreDataProperties.swift in Sources */,
				E9FF6420245DA92D002B9E39 /* AppDelegate.swift in Sources */,
				E94A90AF2462345D00B8F0B9 /* SearchTableViewDataSource.swift in Sources */,
				E9DAF6702461F43B0038D320 /* CoreDataStack.swift in Sources */,
			);
			runOnlyForDeploymentPostprocessing = 0;
		};
		E9FF6431245DA92E002B9E39 /* Sources */ = {
			isa = PBXSourcesBuildPhase;
			buildActionMask = 2147483647;
			files = (
				E9FF120724684860001AAA25 /* URLAPIResponse-Tests.swift in Sources */,
				E9DE4DF124647B7B001A1D8B /* SearchResult-Tests.swift in Sources */,
				E9DE4E032464DEA2001A1D8B /* SearchViewController-Tests.swift in Sources */,
				E98EF5212465BC2D0071AB31 /* WikiSearch.xcdatamodeld in Sources */,
				E99E78502465F44F007CFB93 /* WikiPage-Tests.swift in Sources */,
				E9DE4E012464DC31001A1D8B /* UITableViewCell+ReuseIdentifier-Tests.swift in Sources */,
				E98EF5252465BDE10071AB31 /* CoreDataStack-Tests.swift in Sources */,
				E939E49D2468E126005FB73C /* SearchResultViewModel-Tests.swift in Sources */,
				E9FF120B24684C03001AAA25 /* WikiURLGenerator-Tests.swift in Sources */,
				E99E7852246631A9007CFB93 /* Constants-Tests.swift in Sources */,
				E9DE4E08246503D1001A1D8B /* SearchOperation-Tests.swift in Sources */,
				E99E786624677C54007CFB93 /* DatesManager-Tests.swift in Sources */,
				E9DE4E062464E42B001A1D8B /* SearchManager-Tests.swift in Sources */,
				E97A25C424685ED700D15B68 /* ObjectsManager-Tests.swift in Sources */,
			);
			runOnlyForDeploymentPostprocessing = 0;
		};
		E9FF643C245DA92E002B9E39 /* Sources */ = {
			isa = PBXSourcesBuildPhase;
			buildActionMask = 2147483647;
			files = (
				E9FF6445245DA92F002B9E39 /* SearchScreen-Tests.swift in Sources */,
				E98EF5222465BC2F0071AB31 /* WikiSearch.xcdatamodeld in Sources */,
			);
			runOnlyForDeploymentPostprocessing = 0;
		};
/* End PBXSourcesBuildPhase section */

/* Begin PBXTargetDependency section */
		E9FF6437245DA92E002B9E39 /* PBXTargetDependency */ = {
			isa = PBXTargetDependency;
			target = E9FF641B245DA92D002B9E39 /* WikiSearch */;
			targetProxy = E9FF6436245DA92E002B9E39 /* PBXContainerItemProxy */;
		};
		E9FF6442245DA92E002B9E39 /* PBXTargetDependency */ = {
			isa = PBXTargetDependency;
			target = E9FF641B245DA92D002B9E39 /* WikiSearch */;
			targetProxy = E9FF6441245DA92E002B9E39 /* PBXContainerItemProxy */;
		};
/* End PBXTargetDependency section */

/* Begin PBXVariantGroup section */
		E902F2C4246A5FE100CF1BA9 /* Localizable.strings */ = {
			isa = PBXVariantGroup;
			children = (
				E902F2C3246A5FE100CF1BA9 /* fr */,
				E902F2C5246A5FE800CF1BA9 /* en */,
			);
			name = Localizable.strings;
			sourceTree = "<group>";
		};
		E9FF642D245DA92E002B9E39 /* LaunchScreen.storyboard */ = {
			isa = PBXVariantGroup;
			children = (
				E9FF642E245DA92E002B9E39 /* Base */,
				E9DE4DFA2464A528001A1D8B /* fr */,
			);
			name = LaunchScreen.storyboard;
			sourceTree = "<group>";
		};
/* End PBXVariantGroup section */

/* Begin XCBuildConfiguration section */
		E9FF6447245DA92F002B9E39 /* Debug */ = {
			isa = XCBuildConfiguration;
			buildSettings = {
				ALWAYS_SEARCH_USER_PATHS = NO;
				CLANG_ANALYZER_LOCALIZABILITY_NONLOCALIZED = YES;
				CLANG_ANALYZER_NONNULL = YES;
				CLANG_ANALYZER_NUMBER_OBJECT_CONVERSION = YES_AGGRESSIVE;
				CLANG_CXX_LANGUAGE_STANDARD = "gnu++14";
				CLANG_CXX_LIBRARY = "libc++";
				CLANG_ENABLE_MODULES = YES;
				CLANG_ENABLE_OBJC_ARC = YES;
				CLANG_ENABLE_OBJC_WEAK = YES;
				CLANG_WARN_BLOCK_CAPTURE_AUTORELEASING = YES;
				CLANG_WARN_BOOL_CONVERSION = YES;
				CLANG_WARN_COMMA = YES;
				CLANG_WARN_CONSTANT_CONVERSION = YES;
				CLANG_WARN_DEPRECATED_OBJC_IMPLEMENTATIONS = YES;
				CLANG_WARN_DIRECT_OBJC_ISA_USAGE = YES_ERROR;
				CLANG_WARN_DOCUMENTATION_COMMENTS = YES;
				CLANG_WARN_EMPTY_BODY = YES;
				CLANG_WARN_ENUM_CONVERSION = YES;
				CLANG_WARN_INFINITE_RECURSION = YES;
				CLANG_WARN_INT_CONVERSION = YES;
				CLANG_WARN_NON_LITERAL_NULL_CONVERSION = YES;
				CLANG_WARN_OBJC_IMPLICIT_RETAIN_SELF = YES;
				CLANG_WARN_OBJC_LITERAL_CONVERSION = YES;
				CLANG_WARN_OBJC_ROOT_CLASS = YES_ERROR;
				CLANG_WARN_RANGE_LOOP_ANALYSIS = YES;
				CLANG_WARN_STRICT_PROTOTYPES = YES;
				CLANG_WARN_SUSPICIOUS_MOVE = YES;
				CLANG_WARN_UNGUARDED_AVAILABILITY = YES_AGGRESSIVE;
				CLANG_WARN_UNREACHABLE_CODE = YES;
				CLANG_WARN__DUPLICATE_METHOD_MATCH = YES;
				COPY_PHASE_STRIP = NO;
				DEBUG_INFORMATION_FORMAT = dwarf;
				ENABLE_STRICT_OBJC_MSGSEND = YES;
				ENABLE_TESTABILITY = YES;
				GCC_C_LANGUAGE_STANDARD = gnu11;
				GCC_DYNAMIC_NO_PIC = NO;
				GCC_NO_COMMON_BLOCKS = YES;
				GCC_OPTIMIZATION_LEVEL = 0;
				GCC_PREPROCESSOR_DEFINITIONS = (
					"DEBUG=1",
					"$(inherited)",
				);
				GCC_WARN_64_TO_32_BIT_CONVERSION = YES;
				GCC_WARN_ABOUT_RETURN_TYPE = YES_ERROR;
				GCC_WARN_UNDECLARED_SELECTOR = YES;
				GCC_WARN_UNINITIALIZED_AUTOS = YES_AGGRESSIVE;
				GCC_WARN_UNUSED_FUNCTION = YES;
				GCC_WARN_UNUSED_VARIABLE = YES;
				IPHONEOS_DEPLOYMENT_TARGET = 13.4;
				MTL_ENABLE_DEBUG_INFO = INCLUDE_SOURCE;
				MTL_FAST_MATH = YES;
				ONLY_ACTIVE_ARCH = YES;
				SDKROOT = iphoneos;
				SWIFT_ACTIVE_COMPILATION_CONDITIONS = DEBUG;
				SWIFT_OPTIMIZATION_LEVEL = "-Onone";
			};
			name = Debug;
		};
		E9FF6448245DA92F002B9E39 /* Release */ = {
			isa = XCBuildConfiguration;
			buildSettings = {
				ALWAYS_SEARCH_USER_PATHS = NO;
				CLANG_ANALYZER_LOCALIZABILITY_NONLOCALIZED = YES;
				CLANG_ANALYZER_NONNULL = YES;
				CLANG_ANALYZER_NUMBER_OBJECT_CONVERSION = YES_AGGRESSIVE;
				CLANG_CXX_LANGUAGE_STANDARD = "gnu++14";
				CLANG_CXX_LIBRARY = "libc++";
				CLANG_ENABLE_MODULES = YES;
				CLANG_ENABLE_OBJC_ARC = YES;
				CLANG_ENABLE_OBJC_WEAK = YES;
				CLANG_WARN_BLOCK_CAPTURE_AUTORELEASING = YES;
				CLANG_WARN_BOOL_CONVERSION = YES;
				CLANG_WARN_COMMA = YES;
				CLANG_WARN_CONSTANT_CONVERSION = YES;
				CLANG_WARN_DEPRECATED_OBJC_IMPLEMENTATIONS = YES;
				CLANG_WARN_DIRECT_OBJC_ISA_USAGE = YES_ERROR;
				CLANG_WARN_DOCUMENTATION_COMMENTS = YES;
				CLANG_WARN_EMPTY_BODY = YES;
				CLANG_WARN_ENUM_CONVERSION = YES;
				CLANG_WARN_INFINITE_RECURSION = YES;
				CLANG_WARN_INT_CONVERSION = YES;
				CLANG_WARN_NON_LITERAL_NULL_CONVERSION = YES;
				CLANG_WARN_OBJC_IMPLICIT_RETAIN_SELF = YES;
				CLANG_WARN_OBJC_LITERAL_CONVERSION = YES;
				CLANG_WARN_OBJC_ROOT_CLASS = YES_ERROR;
				CLANG_WARN_RANGE_LOOP_ANALYSIS = YES;
				CLANG_WARN_STRICT_PROTOTYPES = YES;
				CLANG_WARN_SUSPICIOUS_MOVE = YES;
				CLANG_WARN_UNGUARDED_AVAILABILITY = YES_AGGRESSIVE;
				CLANG_WARN_UNREACHABLE_CODE = YES;
				CLANG_WARN__DUPLICATE_METHOD_MATCH = YES;
				COPY_PHASE_STRIP = NO;
				DEBUG_INFORMATION_FORMAT = "dwarf-with-dsym";
				ENABLE_NS_ASSERTIONS = NO;
				ENABLE_STRICT_OBJC_MSGSEND = YES;
				GCC_C_LANGUAGE_STANDARD = gnu11;
				GCC_NO_COMMON_BLOCKS = YES;
				GCC_WARN_64_TO_32_BIT_CONVERSION = YES;
				GCC_WARN_ABOUT_RETURN_TYPE = YES_ERROR;
				GCC_WARN_UNDECLARED_SELECTOR = YES;
				GCC_WARN_UNINITIALIZED_AUTOS = YES_AGGRESSIVE;
				GCC_WARN_UNUSED_FUNCTION = YES;
				GCC_WARN_UNUSED_VARIABLE = YES;
				IPHONEOS_DEPLOYMENT_TARGET = 13.4;
				MTL_ENABLE_DEBUG_INFO = NO;
				MTL_FAST_MATH = YES;
				SDKROOT = iphoneos;
				SWIFT_COMPILATION_MODE = wholemodule;
				SWIFT_OPTIMIZATION_LEVEL = "-O";
				VALIDATE_PRODUCT = YES;
			};
			name = Release;
		};
		E9FF644A245DA92F002B9E39 /* Debug */ = {
			isa = XCBuildConfiguration;
			buildSettings = {
				ASSETCATALOG_COMPILER_APPICON_NAME = AppIcon;
				CODE_SIGN_STYLE = Automatic;
				DEVELOPMENT_TEAM = EYJ8W2A8H5;
				GCC_PREPROCESSOR_DEFINITIONS = (
					"DEBUG=1",
					"$(inherited)",
				);
				INFOPLIST_FILE = WikiSearch/Info.plist;
				IPHONEOS_DEPLOYMENT_TARGET = 13.0;
				LD_RUNPATH_SEARCH_PATHS = (
					"$(inherited)",
					"@executable_path/Frameworks",
				);
				MARKETING_VERSION = 0.0.1;
				PRODUCT_BUNDLE_IDENTIFIER = "jean-yves.jacaria.WikiSearch";
				PRODUCT_NAME = "$(TARGET_NAME)";
				SWIFT_VERSION = 5.0;
				TARGETED_DEVICE_FAMILY = "1,2";
			};
			name = Debug;
		};
		E9FF644B245DA92F002B9E39 /* Release */ = {
			isa = XCBuildConfiguration;
			buildSettings = {
				ASSETCATALOG_COMPILER_APPICON_NAME = AppIcon;
				CODE_SIGN_STYLE = Automatic;
				DEVELOPMENT_TEAM = EYJ8W2A8H5;
				INFOPLIST_FILE = WikiSearch/Info.plist;
				IPHONEOS_DEPLOYMENT_TARGET = 13.0;
				LD_RUNPATH_SEARCH_PATHS = (
					"$(inherited)",
					"@executable_path/Frameworks",
				);
				MARKETING_VERSION = 0.0.1;
				PRODUCT_BUNDLE_IDENTIFIER = "jean-yves.jacaria.WikiSearch";
				PRODUCT_NAME = "$(TARGET_NAME)";
				SWIFT_VERSION = 5.0;
				TARGETED_DEVICE_FAMILY = "1,2";
			};
			name = Release;
		};
		E9FF644D245DA92F002B9E39 /* Debug */ = {
			isa = XCBuildConfiguration;
			buildSettings = {
				ALWAYS_EMBED_SWIFT_STANDARD_LIBRARIES = YES;
				BUNDLE_LOADER = "$(TEST_HOST)";
				CODE_SIGN_STYLE = Automatic;
				DEVELOPMENT_TEAM = EYJ8W2A8H5;
				INFOPLIST_FILE = WikiSearchTests/Info.plist;
				IPHONEOS_DEPLOYMENT_TARGET = 13.4;
				LD_RUNPATH_SEARCH_PATHS = (
					"$(inherited)",
					"@executable_path/Frameworks",
					"@loader_path/Frameworks",
				);
				PRODUCT_BUNDLE_IDENTIFIER = "jean-yves.jacaria.WikiSearchTests";
				PRODUCT_NAME = "$(TARGET_NAME)";
				SWIFT_VERSION = 5.0;
				TARGETED_DEVICE_FAMILY = "1,2";
				TEST_HOST = "$(BUILT_PRODUCTS_DIR)/WikiSearch.app/WikiSearch";
			};
			name = Debug;
		};
		E9FF644E245DA92F002B9E39 /* Release */ = {
			isa = XCBuildConfiguration;
			buildSettings = {
				ALWAYS_EMBED_SWIFT_STANDARD_LIBRARIES = YES;
				BUNDLE_LOADER = "$(TEST_HOST)";
				CODE_SIGN_STYLE = Automatic;
				DEVELOPMENT_TEAM = EYJ8W2A8H5;
				INFOPLIST_FILE = WikiSearchTests/Info.plist;
				IPHONEOS_DEPLOYMENT_TARGET = 13.4;
				LD_RUNPATH_SEARCH_PATHS = (
					"$(inherited)",
					"@executable_path/Frameworks",
					"@loader_path/Frameworks",
				);
				PRODUCT_BUNDLE_IDENTIFIER = "jean-yves.jacaria.WikiSearchTests";
				PRODUCT_NAME = "$(TARGET_NAME)";
				SWIFT_VERSION = 5.0;
				TARGETED_DEVICE_FAMILY = "1,2";
				TEST_HOST = "$(BUILT_PRODUCTS_DIR)/WikiSearch.app/WikiSearch";
			};
			name = Release;
		};
		E9FF6450245DA92F002B9E39 /* Debug */ = {
			isa = XCBuildConfiguration;
			buildSettings = {
				ALWAYS_EMBED_SWIFT_STANDARD_LIBRARIES = YES;
				CODE_SIGN_STYLE = Automatic;
				DEVELOPMENT_TEAM = EYJ8W2A8H5;
				GCC_PREPROCESSOR_DEFINITIONS = (
					"DEBUG=1",
					"$(inherited)",
				);
				INFOPLIST_FILE = WikiSearchUITests/Info.plist;
				LD_RUNPATH_SEARCH_PATHS = (
					"$(inherited)",
					"@executable_path/Frameworks",
					"@loader_path/Frameworks",
				);
				PRODUCT_BUNDLE_IDENTIFIER = "jean-yves.jacaria.WikiSearchUITests";
				PRODUCT_NAME = "$(TARGET_NAME)";
				SWIFT_VERSION = 5.0;
				TARGETED_DEVICE_FAMILY = "1,2";
				TEST_TARGET_NAME = WikiSearch;
			};
			name = Debug;
		};
		E9FF6451245DA92F002B9E39 /* Release */ = {
			isa = XCBuildConfiguration;
			buildSettings = {
				ALWAYS_EMBED_SWIFT_STANDARD_LIBRARIES = YES;
				CODE_SIGN_STYLE = Automatic;
				DEVELOPMENT_TEAM = EYJ8W2A8H5;
				INFOPLIST_FILE = WikiSearchUITests/Info.plist;
				LD_RUNPATH_SEARCH_PATHS = (
					"$(inherited)",
					"@executable_path/Frameworks",
					"@loader_path/Frameworks",
				);
				PRODUCT_BUNDLE_IDENTIFIER = "jean-yves.jacaria.WikiSearchUITests";
				PRODUCT_NAME = "$(TARGET_NAME)";
				SWIFT_VERSION = 5.0;
				TARGETED_DEVICE_FAMILY = "1,2";
				TEST_TARGET_NAME = WikiSearch;
			};
			name = Release;
		};
/* End XCBuildConfiguration section */

/* Begin XCConfigurationList section */
		E9FF6417245DA92D002B9E39 /* Build configuration list for PBXProject "WikiSearch" */ = {
			isa = XCConfigurationList;
			buildConfigurations = (
				E9FF6447245DA92F002B9E39 /* Debug */,
				E9FF6448245DA92F002B9E39 /* Release */,
			);
			defaultConfigurationIsVisible = 0;
			defaultConfigurationName = Release;
		};
		E9FF6449245DA92F002B9E39 /* Build configuration list for PBXNativeTarget "WikiSearch" */ = {
			isa = XCConfigurationList;
			buildConfigurations = (
				E9FF644A245DA92F002B9E39 /* Debug */,
				E9FF644B245DA92F002B9E39 /* Release */,
			);
			defaultConfigurationIsVisible = 0;
			defaultConfigurationName = Release;
		};
		E9FF644C245DA92F002B9E39 /* Build configuration list for PBXNativeTarget "WikiSearchTests" */ = {
			isa = XCConfigurationList;
			buildConfigurations = (
				E9FF644D245DA92F002B9E39 /* Debug */,
				E9FF644E245DA92F002B9E39 /* Release */,
			);
			defaultConfigurationIsVisible = 0;
			defaultConfigurationName = Release;
		};
		E9FF644F245DA92F002B9E39 /* Build configuration list for PBXNativeTarget "WikiSearchUITests" */ = {
			isa = XCConfigurationList;
			buildConfigurations = (
				E9FF6450245DA92F002B9E39 /* Debug */,
				E9FF6451245DA92F002B9E39 /* Release */,
			);
			defaultConfigurationIsVisible = 0;
			defaultConfigurationName = Release;
		};
/* End XCConfigurationList section */

/* Begin XCVersionGroup section */
		E9FF6428245DA92D002B9E39 /* WikiSearch.xcdatamodeld */ = {
			isa = XCVersionGroup;
			children = (
				E9FF6429245DA92D002B9E39 /* WikiSearch.xcdatamodel */,
			);
			currentVersion = E9FF6429245DA92D002B9E39 /* WikiSearch.xcdatamodel */;
			path = WikiSearch.xcdatamodeld;
			sourceTree = "<group>";
			versionGroupType = wrapper.xcdatamodel;
		};
/* End XCVersionGroup section */
	};
	rootObject = E9FF6414245DA92D002B9E39 /* Project object */;
}
